
Microsoft Visual Studio Solution File, Format Version 12.00
# Visual Studio Version 17
VisualStudioVersion = 17.6.33815.320
MinimumVisualStudioVersion = 10.0.40219.1
Project("{FAE04EC0-301F-11D3-BF4B-00C04F79EFBC}") = "QuestApp", "QuestApp.csproj", "{DDFF4E05-118C-4001-A06F-902CF95C4D54}"
EndProject
Global
	GlobalSection(SolutionConfigurationPlatforms) = preSolution
		Debug|Any CPU = Debug|Any CPU
		Release|Any CPU = Release|Any CPU
	EndGlobalSection
	GlobalSection(ProjectConfigurationPlatforms) = postSolution
		{DDFF4E05-118C-4001-A06F-902CF95C4D54}.Debug|Any CPU.ActiveCfg = Debug|Any CPU
		{DDFF4E05-118C-4001-A06F-902CF95C4D54}.Debug|Any CPU.Build.0 = Debug|Any CPU
		{DDFF4E05-118C-4001-A06F-902CF95C4D54}.Release|Any CPU.ActiveCfg = Release|Any CPU
		{DDFF4E05-118C-4001-A06F-902CF95C4D54}.Release|Any CPU.Build.0 = Release|Any CPU
	EndGlobalSection
	GlobalSection(SolutionProperties) = preSolution
		HideSolutionNode = FALSE
	EndGlobalSection
	GlobalSection(ExtensibilityGlobals) = postSolution
		SolutionGuid = {A1D5E894-0474-481A-A26F-C858EB875DB4}
	EndGlobalSection
EndGlobal
